{
  "version": 4,
  "terraform_version": "1.3.9",
  "serial": 43,
  "lineage": "2db27ed1-cc14-f6e2-4e36-231db1451eef",
  "outputs": {},
  "resources": [
    {
      "mode": "managed",
      "type": "openstack_compute_floatingip_associate_v2",
      "name": "fip_1",
      "provider": "provider[\"registry.terraform.io/terraform-provider-openstack/openstack\"]",
      "instances": [
        {
          "schema_version": 0,
          "attributes": {
            "fixed_ip": "",
            "floating_ip": "164.160.35.220",
            "id": "164.160.35.220/785414c1-fb33-4c6e-b349-d0d5d5a1a1b3/",
            "instance_id": "785414c1-fb33-4c6e-b349-d0d5d5a1a1b3",
            "region": "RegionOne",
            "timeouts": null,
            "wait_until_associated": null
          },
          "sensitive_attributes": [],
          "private": "eyJlMmJmYjczMC1lY2FhLTExZTYtOGY4OC0zNDM2M2JjN2M0YzAiOnsiY3JlYXRlIjo2MDAwMDAwMDAwMDB9fQ==",
          "dependencies": [
            "openstack_compute_instance_v2.server_Adams",
            "openstack_networking_floatingip_v2.fip_1",
            "openstack_networking_network_v2.Adams_network_1"
          ]
        }
      ]
    },
    {
      "mode": "managed",
      "type": "openstack_compute_instance_v2",
      "name": "server_Adams",
      "provider": "provider[\"registry.terraform.io/terraform-provider-openstack/openstack\"]",
      "instances": [
        {
          "schema_version": 0,
          "attributes": {
            "access_ip_v4": "192.168.5.14",
            "access_ip_v6": "",
            "admin_pass": null,
            "all_metadata": {},
            "all_tags": [],
            "availability_zone": "nova",
            "availability_zone_hints": null,
            "block_device": [],
            "config_drive": null,
            "created": "2023-02-17 18:46:16 +0000 UTC",
            "flavor_id": "e77ea7b7-a213-41e3-922e-e24ce6fd24f7",
            "flavor_name": "inphb_test",
            "floating_ip": null,
            "force_delete": false,
            "id": "785414c1-fb33-4c6e-b349-d0d5d5a1a1b3",
            "image_id": "fe581441-e962-49c0-9752-57a722d904f7",
            "image_name": "Ubuntu 20.04",
            "key_pair": "pubkey",
            "metadata": null,
            "name": "server_Adams",
            "network": [
              {
                "access_network": false,
                "fixed_ip_v4": "192.168.5.14",
                "fixed_ip_v6": "",
                "floating_ip": "",
                "mac": "fa:16:3e:03:0a:49",
                "name": "Adams_network_1",
                "port": "",
                "uuid": "a99f9f16-0a55-4de8-9c26-9f5ce1a1da4f"
              }
            ],
            "network_mode": null,
            "personality": [],
            "power_state": "active",
            "region": "RegionOne",
            "scheduler_hints": [],
            "security_groups": [
              "Adams_parfeu_web"
            ],
            "stop_before_destroy": false,
            "tags": [],
            "timeouts": null,
            "updated": "2023-02-17 18:46:23 +0000 UTC",
            "user_data": null,
            "vendor_options": [],
            "volume": []
          },
          "sensitive_attributes": [],
          "private": "eyJlMmJmYjczMC1lY2FhLTExZTYtOGY4OC0zNDM2M2JjN2M0YzAiOnsiY3JlYXRlIjoxODAwMDAwMDAwMDAwLCJkZWxldGUiOjE4MDAwMDAwMDAwMDAsInVwZGF0ZSI6MTgwMDAwMDAwMDAwMH19",
          "dependencies": [
            "openstack_networking_network_v2.Adams_network_1"
          ]
        }
      ]
    },
    {
      "mode": "managed",
      "type": "openstack_compute_keypair_v2",
      "name": "pubkey",
      "provider": "provider[\"registry.terraform.io/terraform-provider-openstack/openstack\"]",
      "instances": [
        {
          "schema_version": 0,
          "attributes": {
            "fingerprint": "05:be:e3:75:f1:7e:31:65:d0:60:ec:1e:b9:eb:ab:69",
            "id": "pubkey",
            "name": "pubkey",
            "private_key": "",
            "public_key": "ssh-rsa AAAAB3NzaC1yc2EAAAADAQABAAABAQDTLxZyBWkGgWrX4dzxdbUlnQApcA47MGIETTK5fm/Zi1fyXaI+qF3q+uR910yY/lRq/eAKkugyyshph1MEnk7afn2ZjiNpQ4gpEe13Ada+r65DidQKtIzkdLf4sYsIuqenWlHA0lqQOEBB8q6qhWdwvomgGMQz8IFwgh+zUXEPtyCVmfgGHZnz1wlS6m2MgajMXCeOpR/0SMXikkLALzEGz2hnfJe3m0iyRSSP1eaPiZJCwmI3AnSmGX6urzU9w+Ok8dE2F2KMY2lne/9ruFArSAEL7bSsjg56nZnCB+xvaUmALn7RAWbGTSJZrAxoWShfCkvnd/lPgbRTSPP4Q22z Generated-by-Nova",
            "region": "RegionOne",
            "user_id": "",
            "value_specs": null
          },
          "sensitive_attributes": [],
          "private": "bnVsbA=="
        }
      ]
    },
    {
      "mode": "managed",
      "type": "openstack_networking_floatingip_v2",
      "name": "fip_1",
      "provider": "provider[\"registry.terraform.io/terraform-provider-openstack/openstack\"]",
      "instances": [
        {
          "schema_version": 0,
          "attributes": {
            "address": "164.160.35.220",
            "all_tags": [],
            "description": "",
            "dns_domain": "",
            "dns_name": "",
            "fixed_ip": "192.168.5.14",
            "id": "fdcebe2a-aaac-4533-9f72-35f046bf9af9",
            "pool": "ext-net",
            "port_id": "47ea22bc-decb-4a79-9d87-1d1ebfbe0c77",
            "region": "RegionOne",
            "subnet_id": null,
            "subnet_ids": null,
            "tags": [],
            "tenant_id": "a5cab24fabfb4b2db8e6ff13b3ababe5",
            "timeouts": null,
            "value_specs": null
          },
          "sensitive_attributes": [],
          "private": "eyJlMmJmYjczMC1lY2FhLTExZTYtOGY4OC0zNDM2M2JjN2M0YzAiOnsiY3JlYXRlIjo2MDAwMDAwMDAwMDAsImRlbGV0ZSI6NjAwMDAwMDAwMDAwfX0="
        }
      ]
    },
    {
      "mode": "managed",
      "type": "openstack_networking_network_v2",
      "name": "Adams_network_1",
      "provider": "provider[\"registry.terraform.io/terraform-provider-openstack/openstack\"]",
      "instances": [
        {
          "schema_version": 0,
          "attributes": {
            "admin_state_up": true,
            "all_tags": [],
            "availability_zone_hints": [],
            "description": "",
            "dns_domain": "",
            "external": false,
            "id": "a99f9f16-0a55-4de8-9c26-9f5ce1a1da4f",
            "mtu": 1450,
            "name": "Adams_network_1",
            "port_security_enabled": true,
            "qos_policy_id": "",
            "region": "RegionOne",
            "segments": [],
            "shared": false,
            "tags": [],
            "tenant_id": "a5cab24fabfb4b2db8e6ff13b3ababe5",
            "timeouts": null,
            "transparent_vlan": false,
            "value_specs": null
          },
          "sensitive_attributes": [],
          "private": "eyJlMmJmYjczMC1lY2FhLTExZTYtOGY4OC0zNDM2M2JjN2M0YzAiOnsiY3JlYXRlIjo2MDAwMDAwMDAwMDAsImRlbGV0ZSI6NjAwMDAwMDAwMDAwfX0="
        }
      ]
    },
    {
      "mode": "managed",
      "type": "openstack_networking_router_interface_v2",
      "name": "router_interface_1",
      "provider": "provider[\"registry.terraform.io/terraform-provider-openstack/openstack\"]",
      "instances": [
        {
          "schema_version": 0,
          "attributes": {
            "id": "a5e8cf2f-75c5-4b6d-8868-76eb6c6137c9",
            "port_id": "a5e8cf2f-75c5-4b6d-8868-76eb6c6137c9",
            "region": "RegionOne",
            "router_id": "48cac281-d33f-49fe-a901-f6a21f616bd8",
            "subnet_id": "e727bbbf-b319-4629-948b-499e280444af",
            "timeouts": null
          },
          "sensitive_attributes": [],
          "private": "eyJlMmJmYjczMC1lY2FhLTExZTYtOGY4OC0zNDM2M2JjN2M0YzAiOnsiY3JlYXRlIjo2MDAwMDAwMDAwMDAsImRlbGV0ZSI6NjAwMDAwMDAwMDAwfX0=",
          "dependencies": [
            "openstack_networking_network_v2.Adams_network_1",
            "openstack_networking_router_v2.Adams_router",
            "openstack_networking_subnet_v2.Adams_subnet_1"
          ]
        }
      ]
    },
    {
      "mode": "managed",
      "type": "openstack_networking_router_v2",
      "name": "Adams_router",
      "provider": "provider[\"registry.terraform.io/terraform-provider-openstack/openstack\"]",
      "instances": [
        {
          "schema_version": 0,
          "attributes": {
            "admin_state_up": true,
            "all_tags": [],
            "availability_zone_hints": [],
            "description": "",
            "distributed": false,
            "enable_snat": true,
            "external_fixed_ip": [
              {
                "ip_address": "164.160.35.224",
                "subnet_id": "846b525b-faf0-46d0-8efd-029d2f78577f"
              }
            ],
            "external_gateway": "db17fd87-65cc-44a5-98c9-84e29efe4576",
            "external_network_id": "db17fd87-65cc-44a5-98c9-84e29efe4576",
            "external_subnet_ids": null,
            "id": "48cac281-d33f-49fe-a901-f6a21f616bd8",
            "name": "Adams_router",
            "region": "RegionOne",
            "tags": [],
            "tenant_id": "a5cab24fabfb4b2db8e6ff13b3ababe5",
            "timeouts": null,
            "value_specs": null,
            "vendor_options": []
          },
          "sensitive_attributes": [],
          "private": "eyJlMmJmYjczMC1lY2FhLTExZTYtOGY4OC0zNDM2M2JjN2M0YzAiOnsiY3JlYXRlIjo2MDAwMDAwMDAwMDAsImRlbGV0ZSI6NjAwMDAwMDAwMDAwfX0="
        }
      ]
    },
    {
      "mode": "managed",
      "type": "openstack_networking_secgroup_rule_v2",
      "name": "regles_http",
      "provider": "provider[\"registry.terraform.io/terraform-provider-openstack/openstack\"]",
      "instances": [
        {
          "schema_version": 0,
          "attributes": {
            "description": "",
            "direction": "ingress",
            "ethertype": "IPv4",
            "id": "f2564c6c-47f8-41e5-bdf4-d78ff766f99d",
            "port_range_max": 80,
            "port_range_min": 80,
            "protocol": "tcp",
            "region": "RegionOne",
            "remote_group_id": "",
            "remote_ip_prefix": "0.0.0.0/0",
            "security_group_id": "94a67b95-24bd-4fa0-90af-9eb4691c318b",
            "tenant_id": "a5cab24fabfb4b2db8e6ff13b3ababe5",
            "timeouts": null
          },
          "sensitive_attributes": [],
          "private": "eyJlMmJmYjczMC1lY2FhLTExZTYtOGY4OC0zNDM2M2JjN2M0YzAiOnsiZGVsZXRlIjo2MDAwMDAwMDAwMDB9fQ==",
          "dependencies": [
            "openstack_networking_secgroup_v2.Adams_parfeu_web"
          ]
        }
      ]
    },
    {
      "mode": "managed",
      "type": "openstack_networking_secgroup_rule_v2",
      "name": "regles_icmp",
      "provider": "provider[\"registry.terraform.io/terraform-provider-openstack/openstack\"]",
      "instances": [
        {
          "schema_version": 0,
          "attributes": {
            "description": "",
            "direction": "ingress",
            "ethertype": "IPv4",
            "id": "75ebc398-8bf7-4ca7-ab63-b8ea3529c6de",
            "port_range_max": 0,
            "port_range_min": 0,
            "protocol": "icmp",
            "region": "RegionOne",
            "remote_group_id": "",
            "remote_ip_prefix": "0.0.0.0/0",
            "security_group_id": "94a67b95-24bd-4fa0-90af-9eb4691c318b",
            "tenant_id": "a5cab24fabfb4b2db8e6ff13b3ababe5",
            "timeouts": null
          },
          "sensitive_attributes": [],
          "private": "eyJlMmJmYjczMC1lY2FhLTExZTYtOGY4OC0zNDM2M2JjN2M0YzAiOnsiZGVsZXRlIjo2MDAwMDAwMDAwMDB9fQ==",
          "dependencies": [
            "openstack_networking_secgroup_v2.Adams_parfeu_web"
          ]
        }
      ]
    },
    {
      "mode": "managed",
      "type": "openstack_networking_secgroup_rule_v2",
      "name": "regles_ssh",
      "provider": "provider[\"registry.terraform.io/terraform-provider-openstack/openstack\"]",
      "instances": [
        {
          "schema_version": 0,
          "attributes": {
            "description": "",
            "direction": "ingress",
            "ethertype": "IPv4",
            "id": "8177ec95-3d6c-4961-b031-44d03a269f32",
            "port_range_max": 22,
            "port_range_min": 22,
            "protocol": "tcp",
            "region": "RegionOne",
            "remote_group_id": "",
            "remote_ip_prefix": "0.0.0.0/0",
            "security_group_id": "94a67b95-24bd-4fa0-90af-9eb4691c318b",
            "tenant_id": "a5cab24fabfb4b2db8e6ff13b3ababe5",
            "timeouts": null
          },
          "sensitive_attributes": [],
          "private": "eyJlMmJmYjczMC1lY2FhLTExZTYtOGY4OC0zNDM2M2JjN2M0YzAiOnsiZGVsZXRlIjo2MDAwMDAwMDAwMDB9fQ==",
          "dependencies": [
            "openstack_networking_secgroup_v2.Adams_parfeu_web"
          ]
        }
      ]
    },
    {
      "mode": "managed",
      "type": "openstack_networking_secgroup_v2",
      "name": "Adams_parfeu_web",
      "provider": "provider[\"registry.terraform.io/terraform-provider-openstack/openstack\"]",
      "instances": [
        {
          "schema_version": 0,
          "attributes": {
            "all_tags": [],
            "delete_default_rules": null,
            "description": "My neutron security cgroup",
            "id": "94a67b95-24bd-4fa0-90af-9eb4691c318b",
            "name": "Adams_parfeu_web",
            "region": "RegionOne",
            "tags": [],
            "tenant_id": "a5cab24fabfb4b2db8e6ff13b3ababe5",
            "timeouts": null
          },
          "sensitive_attributes": [],
          "private": "eyJlMmJmYjczMC1lY2FhLTExZTYtOGY4OC0zNDM2M2JjN2M0YzAiOnsiZGVsZXRlIjo2MDAwMDAwMDAwMDB9fQ=="
        }
      ]
    },
    {
      "mode": "managed",
      "type": "openstack_networking_subnet_v2",
      "name": "Adams_subnet_1",
      "provider": "provider[\"registry.terraform.io/terraform-provider-openstack/openstack\"]",
      "instances": [
        {
          "schema_version": 0,
          "attributes": {
            "all_tags": [],
            "allocation_pool": [
              {
                "end": "192.168.5.254",
                "start": "192.168.5.2"
              }
            ],
            "allocation_pools": [
              {
                "end": "192.168.5.254",
                "start": "192.168.5.2"
              }
            ],
            "cidr": "192.168.5.0/24",
            "description": "",
            "dns_nameservers": [],
            "enable_dhcp": true,
            "gateway_ip": "192.168.5.1",
            "host_routes": [],
            "id": "e727bbbf-b319-4629-948b-499e280444af",
            "ip_version": 4,
            "ipv6_address_mode": "",
            "ipv6_ra_mode": "",
            "name": "Adams_subnet_1",
            "network_id": "a99f9f16-0a55-4de8-9c26-9f5ce1a1da4f",
            "no_gateway": false,
            "prefix_length": null,
            "region": "RegionOne",
            "service_types": [],
            "subnetpool_id": "",
            "tags": [],
            "tenant_id": "a5cab24fabfb4b2db8e6ff13b3ababe5",
            "timeouts": null,
            "value_specs": null
          },
          "sensitive_attributes": [],
          "private": "eyJlMmJmYjczMC1lY2FhLTExZTYtOGY4OC0zNDM2M2JjN2M0YzAiOnsiY3JlYXRlIjo2MDAwMDAwMDAwMDAsImRlbGV0ZSI6NjAwMDAwMDAwMDAwfX0=",
          "dependencies": [
            "openstack_networking_network_v2.Adams_network_1"
          ]
        }
      ]
    }
  ],
  "check_results": null
}
